
Microsoft Visual Studio Solution File, Format Version 12.00
# Visual Studio Version 16
VisualStudioVersion = 16.0.29728.190
MinimumVisualStudioVersion = 10.0.40219.1
Project("{FAE04EC0-301F-11D3-BF4B-00C04F79EFBC}") = "Task1_GCD", "Task1_GCD\Task1_GCD.csproj", "{57F68925-DDD2-4CC6-9EA3-84B77BDA3C2E}"
EndProject
Project("{FAE04EC0-301F-11D3-BF4B-00C04F79EFBC}") = "Task1_UI_Console", "Task1_UI_Console\Task1_UI_Console.csproj", "{D9A9638B-CBB8-4312-A75E-E9C5F73A308D}"
EndProject
Global
	GlobalSection(SolutionConfigurationPlatforms) = preSolution
		Debug|Any CPU = Debug|Any CPU
		Release|Any CPU = Release|Any CPU
	EndGlobalSection
	GlobalSection(ProjectConfigurationPlatforms) = postSolution
		{57F68925-DDD2-4CC6-9EA3-84B77BDA3C2E}.Debug|Any CPU.ActiveCfg = Debug|Any CPU
		{57F68925-DDD2-4CC6-9EA3-84B77BDA3C2E}.Debug|Any CPU.Build.0 = Debug|Any CPU
		{57F68925-DDD2-4CC6-9EA3-84B77BDA3C2E}.Release|Any CPU.ActiveCfg = Release|Any CPU
		{57F68925-DDD2-4CC6-9EA3-84B77BDA3C2E}.Release|Any CPU.Build.0 = Release|Any CPU
		{D9A9638B-CBB8-4312-A75E-E9C5F73A308D}.Debug|Any CPU.ActiveCfg = Debug|Any CPU
		{D9A9638B-CBB8-4312-A75E-E9C5F73A308D}.Debug|Any CPU.Build.0 = Debug|Any CPU
		{D9A9638B-CBB8-4312-A75E-E9C5F73A308D}.Release|Any CPU.ActiveCfg = Release|Any CPU
		{D9A9638B-CBB8-4312-A75E-E9C5F73A308D}.Release|Any CPU.Build.0 = Release|Any CPU
	EndGlobalSection
	GlobalSection(SolutionProperties) = preSolution
		HideSolutionNode = FALSE
	EndGlobalSection
	GlobalSection(ExtensibilityGlobals) = postSolution
		SolutionGuid = {8F5D0642-E922-49EB-8CC5-AF89AC93DD87}
	EndGlobalSection
EndGlobal
